
Microsoft Visual Studio Solution File, Format Version 12.00
Project("{FAE04EC0-301F-11D3-BF4B-00C04F79EFBC}") = "RabbitMQProducerFirst", "RabbitMQProducerFirst\RabbitMQProducerFirst.csproj", "{AAE9BBDD-84E5-41B1-9B65-DF1A30E7333E}"
EndProject
Project("{FAE04EC0-301F-11D3-BF4B-00C04F79EFBC}") = "RabbitMQTest2", "RabbitMQTest2\RabbitMQTest2.csproj", "{B63431F8-208E-4AC8-A60C-81F103FED4A0}"
EndProject
Global
	GlobalSection(SolutionConfigurationPlatforms) = preSolution
		Debug|Any CPU = Debug|Any CPU
		Release|Any CPU = Release|Any CPU
	EndGlobalSection
	GlobalSection(ProjectConfigurationPlatforms) = postSolution
		{AAE9BBDD-84E5-41B1-9B65-DF1A30E7333E}.Debug|Any CPU.ActiveCfg = Debug|Any CPU
		{AAE9BBDD-84E5-41B1-9B65-DF1A30E7333E}.Debug|Any CPU.Build.0 = Debug|Any CPU
		{AAE9BBDD-84E5-41B1-9B65-DF1A30E7333E}.Release|Any CPU.ActiveCfg = Release|Any CPU
		{AAE9BBDD-84E5-41B1-9B65-DF1A30E7333E}.Release|Any CPU.Build.0 = Release|Any CPU
		{B63431F8-208E-4AC8-A60C-81F103FED4A0}.Debug|Any CPU.ActiveCfg = Debug|Any CPU
		{B63431F8-208E-4AC8-A60C-81F103FED4A0}.Debug|Any CPU.Build.0 = Debug|Any CPU
		{B63431F8-208E-4AC8-A60C-81F103FED4A0}.Release|Any CPU.ActiveCfg = Release|Any CPU
		{B63431F8-208E-4AC8-A60C-81F103FED4A0}.Release|Any CPU.Build.0 = Release|Any CPU
	EndGlobalSection
EndGlobal
